
Microsoft Visual Studio Solution File, Format Version 12.00
Project("{FAE04EC0-301F-11D3-BF4B-00C04F79EFBC}") = "BattleShip_Web", "BattleShip_Web\BattleShip_Web.csproj", "{E9D064D9-DA66-457F-AA23-88B4A2B22E8D}"
EndProject
Project("{FAE04EC0-301F-11D3-BF4B-00C04F79EFBC}") = "DAL", "DAL\DAL.csproj", "{B22D6399-9F59-4D29-81D5-DF09C779A4D6}"
EndProject
Project("{FAE04EC0-301F-11D3-BF4B-00C04F79EFBC}") = "Domain", "Domain\Domain.csproj", "{0D39450D-4BE3-43D9-903D-05E299A9D031}"
EndProject
Project("{2150E333-8FDC-42A3-9474-1A3956D46DE8}") = "Solution Items", "Solution Items", "{40F4EEC7-F219-4F05-BBBD-966E629A665D}"
ProjectSection(SolutionItems) = preProject
	.gitignore = .gitignore
	README.md = README.md
EndProjectSection
EndProject
Project("{FAE04EC0-301F-11D3-BF4B-00C04F79EFBC}") = "Core", "Core\Core.csproj", "{2286F28B-8607-40C6-A469-4028239B92B8}"
EndProject
Project("{FAE04EC0-301F-11D3-BF4B-00C04F79EFBC}") = "ConsoleApp", "ConsoleApp\ConsoleApp.csproj", "{BE484AEF-357C-408E-80C3-9F0300B34820}"
EndProject
Project("{FAE04EC0-301F-11D3-BF4B-00C04F79EFBC}") = "ConsoleMenu", "ConsoleMenu\ConsoleMenu.csproj", "{AE80043D-3605-46F6-A832-CC872E5E0E50}"
EndProject
Global
	GlobalSection(SolutionConfigurationPlatforms) = preSolution
		Debug|Any CPU = Debug|Any CPU
		Release|Any CPU = Release|Any CPU
	EndGlobalSection
	GlobalSection(ProjectConfigurationPlatforms) = postSolution
		{E9D064D9-DA66-457F-AA23-88B4A2B22E8D}.Debug|Any CPU.ActiveCfg = Debug|Any CPU
		{E9D064D9-DA66-457F-AA23-88B4A2B22E8D}.Debug|Any CPU.Build.0 = Debug|Any CPU
		{E9D064D9-DA66-457F-AA23-88B4A2B22E8D}.Release|Any CPU.ActiveCfg = Release|Any CPU
		{E9D064D9-DA66-457F-AA23-88B4A2B22E8D}.Release|Any CPU.Build.0 = Release|Any CPU
		{B22D6399-9F59-4D29-81D5-DF09C779A4D6}.Debug|Any CPU.ActiveCfg = Debug|Any CPU
		{B22D6399-9F59-4D29-81D5-DF09C779A4D6}.Debug|Any CPU.Build.0 = Debug|Any CPU
		{B22D6399-9F59-4D29-81D5-DF09C779A4D6}.Release|Any CPU.ActiveCfg = Release|Any CPU
		{B22D6399-9F59-4D29-81D5-DF09C779A4D6}.Release|Any CPU.Build.0 = Release|Any CPU
		{0D39450D-4BE3-43D9-903D-05E299A9D031}.Debug|Any CPU.ActiveCfg = Debug|Any CPU
		{0D39450D-4BE3-43D9-903D-05E299A9D031}.Debug|Any CPU.Build.0 = Debug|Any CPU
		{0D39450D-4BE3-43D9-903D-05E299A9D031}.Release|Any CPU.ActiveCfg = Release|Any CPU
		{0D39450D-4BE3-43D9-903D-05E299A9D031}.Release|Any CPU.Build.0 = Release|Any CPU
		{2286F28B-8607-40C6-A469-4028239B92B8}.Debug|Any CPU.ActiveCfg = Debug|Any CPU
		{2286F28B-8607-40C6-A469-4028239B92B8}.Debug|Any CPU.Build.0 = Debug|Any CPU
		{2286F28B-8607-40C6-A469-4028239B92B8}.Release|Any CPU.ActiveCfg = Release|Any CPU
		{2286F28B-8607-40C6-A469-4028239B92B8}.Release|Any CPU.Build.0 = Release|Any CPU
		{BE484AEF-357C-408E-80C3-9F0300B34820}.Debug|Any CPU.ActiveCfg = Debug|Any CPU
		{BE484AEF-357C-408E-80C3-9F0300B34820}.Debug|Any CPU.Build.0 = Debug|Any CPU
		{BE484AEF-357C-408E-80C3-9F0300B34820}.Release|Any CPU.ActiveCfg = Release|Any CPU
		{BE484AEF-357C-408E-80C3-9F0300B34820}.Release|Any CPU.Build.0 = Release|Any CPU
		{AE80043D-3605-46F6-A832-CC872E5E0E50}.Debug|Any CPU.ActiveCfg = Debug|Any CPU
		{AE80043D-3605-46F6-A832-CC872E5E0E50}.Debug|Any CPU.Build.0 = Debug|Any CPU
		{AE80043D-3605-46F6-A832-CC872E5E0E50}.Release|Any CPU.ActiveCfg = Release|Any CPU
		{AE80043D-3605-46F6-A832-CC872E5E0E50}.Release|Any CPU.Build.0 = Release|Any CPU
	EndGlobalSection
EndGlobal
